
Microsoft Visual Studio Solution File, Format Version 12.00
# Visual Studio 15
VisualStudioVersion = 15.0.26730.16
MinimumVisualStudioVersion = 10.0.40219.1
Project("{FAE04EC0-301F-11D3-BF4B-00C04F79EFBC}") = "DataAccessAppProg", "DataAccessAppProg\DataAccessAppProg.csproj", "{8E01B221-644A-4141-A6C6-4B51BEEC4F64}"
EndProject
Project("{FAE04EC0-301F-11D3-BF4B-00C04F79EFBC}") = "DataAccesswithDataAdapter", "DataAccesswithDataAdapter\DataAccesswithDataAdapter.csproj", "{42AA1A8A-4E1E-452F-B282-CBE208F3A21B}"
EndProject
Project("{FAE04EC0-301F-11D3-BF4B-00C04F79EFBC}") = "DataAccess", "DataAccess\DataAccess.csproj", "{69804494-FCAC-4070-9A57-6721D8A081AA}"
EndProject
Global
	GlobalSection(SolutionConfigurationPlatforms) = preSolution
		Debug|Any CPU = Debug|Any CPU
		Release|Any CPU = Release|Any CPU
	EndGlobalSection
	GlobalSection(ProjectConfigurationPlatforms) = postSolution
		{8E01B221-644A-4141-A6C6-4B51BEEC4F64}.Debug|Any CPU.ActiveCfg = Debug|Any CPU
		{8E01B221-644A-4141-A6C6-4B51BEEC4F64}.Debug|Any CPU.Build.0 = Debug|Any CPU
		{8E01B221-644A-4141-A6C6-4B51BEEC4F64}.Release|Any CPU.ActiveCfg = Release|Any CPU
		{8E01B221-644A-4141-A6C6-4B51BEEC4F64}.Release|Any CPU.Build.0 = Release|Any CPU
		{42AA1A8A-4E1E-452F-B282-CBE208F3A21B}.Debug|Any CPU.ActiveCfg = Debug|Any CPU
		{42AA1A8A-4E1E-452F-B282-CBE208F3A21B}.Debug|Any CPU.Build.0 = Debug|Any CPU
		{42AA1A8A-4E1E-452F-B282-CBE208F3A21B}.Release|Any CPU.ActiveCfg = Release|Any CPU
		{42AA1A8A-4E1E-452F-B282-CBE208F3A21B}.Release|Any CPU.Build.0 = Release|Any CPU
		{69804494-FCAC-4070-9A57-6721D8A081AA}.Debug|Any CPU.ActiveCfg = Debug|Any CPU
		{69804494-FCAC-4070-9A57-6721D8A081AA}.Debug|Any CPU.Build.0 = Debug|Any CPU
		{69804494-FCAC-4070-9A57-6721D8A081AA}.Release|Any CPU.ActiveCfg = Release|Any CPU
		{69804494-FCAC-4070-9A57-6721D8A081AA}.Release|Any CPU.Build.0 = Release|Any CPU
	EndGlobalSection
	GlobalSection(SolutionProperties) = preSolution
		HideSolutionNode = FALSE
	EndGlobalSection
	GlobalSection(ExtensibilityGlobals) = postSolution
		SolutionGuid = {2354BDE4-583C-4E14-BB25-9EFD35E78037}
	EndGlobalSection
EndGlobal
